
Microsoft Visual Studio Solution File, Format Version 12.00
# Visual Studio Version 17
VisualStudioVersion = 17.14.36717.8 d17.14
MinimumVisualStudioVersion = 10.0.40219.1
Project("{FAE04EC0-301F-11D3-BF4B-00C04F79EFBC}") = "Proj. Transporte", "Proj. Transporte\Proj. Transporte.csproj", "{F6DAD574-002C-4DC8-910B-32C38E209E9D}"
EndProject
Global
	GlobalSection(SolutionConfigurationPlatforms) = preSolution
		Debug|Any CPU = Debug|Any CPU
		Release|Any CPU = Release|Any CPU
	EndGlobalSection
	GlobalSection(ProjectConfigurationPlatforms) = postSolution
		{F6DAD574-002C-4DC8-910B-32C38E209E9D}.Debug|Any CPU.ActiveCfg = Debug|Any CPU
		{F6DAD574-002C-4DC8-910B-32C38E209E9D}.Debug|Any CPU.Build.0 = Debug|Any CPU
		{F6DAD574-002C-4DC8-910B-32C38E209E9D}.Release|Any CPU.ActiveCfg = Release|Any CPU
		{F6DAD574-002C-4DC8-910B-32C38E209E9D}.Release|Any CPU.Build.0 = Release|Any CPU
	EndGlobalSection
	GlobalSection(SolutionProperties) = preSolution
		HideSolutionNode = FALSE
	EndGlobalSection
	GlobalSection(ExtensibilityGlobals) = postSolution
		SolutionGuid = {71D1B59C-2D62-410F-AAED-02E3325C2FE2}
	EndGlobalSection
EndGlobal
